// !$*UTF8*$!
{
	archiveVersion = 1;
	classes = {
	};
	objectVersion = 46;
	objects = {

/* Begin PBXBuildFile section */
		159118A71BF6957B00B01CAD /* AppDelegate.swift in Sources */ = {isa = PBXBuildFile; fileRef = 159118A61BF6957B00B01CAD /* AppDelegate.swift */; };
		159118A91BF6957B00B01CAD /* ViewController.swift in Sources */ = {isa = PBXBuildFile; fileRef = 159118A81BF6957B00B01CAD /* ViewController.swift */; };
		159118AC1BF6957B00B01CAD /* Main.storyboard in Resources */ = {isa = PBXBuildFile; fileRef = 159118AA1BF6957B00B01CAD /* Main.storyboard */; };
		159118AF1BF6957B00B01CAD /* Spiel.xcdatamodeld in Sources */ = {isa = PBXBuildFile; fileRef = 159118AD1BF6957B00B01CAD /* Spiel.xcdatamodeld */; };
		159118B11BF6957B00B01CAD /* Assets.xcassets in Resources */ = {isa = PBXBuildFile; fileRef = 159118B01BF6957B00B01CAD /* Assets.xcassets */; };
		159118B41BF6957B00B01CAD /* LaunchScreen.storyboard in Resources */ = {isa = PBXBuildFile; fileRef = 159118B21BF6957B00B01CAD /* LaunchScreen.storyboard */; };
		159118BF1BF6957C00B01CAD /* SpielTests.swift in Sources */ = {isa = PBXBuildFile; fileRef = 159118BE1BF6957C00B01CAD /* SpielTests.swift */; };
		159118CA1BF6957C00B01CAD /* SpielUITests.swift in Sources */ = {isa = PBXBuildFile; fileRef = 159118C91BF6957C00B01CAD /* SpielUITests.swift */; };
		15D58CEE1BFEF2E000A386F8 /* SpielDetailViewController.swift in Sources */ = {isa = PBXBuildFile; fileRef = 15D58CED1BFEF2E000A386F8 /* SpielDetailViewController.swift */; };
		15E576F01BFF0DB4009536E8 /* ProfileViewController.swift in Sources */ = {isa = PBXBuildFile; fileRef = 15E576EF1BFF0DB4009536E8 /* ProfileViewController.swift */; };
		BC77F0601BFC6891000E2D9A /* navigationBackground.png in Resources */ = {isa = PBXBuildFile; fileRef = BC77F05F1BFC6891000E2D9A /* navigationBackground.png */; };
		BC77F0621BFC70E7000E2D9A /* spiel.xib in Resources */ = {isa = PBXBuildFile; fileRef = BC77F0611BFC70E7000E2D9A /* spiel.xib */; };
		BC77F0641BFC7594000E2D9A /* spielCell.swift in Sources */ = {isa = PBXBuildFile; fileRef = BC77F0631BFC7594000E2D9A /* spielCell.swift */; };
		BC77F0881BFC7E4B000E2D9A /* AudioToolbox.framework in Frameworks */ = {isa = PBXBuildFile; fileRef = BC77F0741BFC7C3F000E2D9A /* AudioToolbox.framework */; };
		BC77F0891BFC7E4B000E2D9A /* CFNetwork.framework in Frameworks */ = {isa = PBXBuildFile; fileRef = BC77F0751BFC7C3F000E2D9A /* CFNetwork.framework */; };
		BC77F08A1BFC7E4B000E2D9A /* CoreGraphics.framework in Frameworks */ = {isa = PBXBuildFile; fileRef = BC77F0761BFC7C3F000E2D9A /* CoreGraphics.framework */; };
		BC77F08B1BFC7E4B000E2D9A /* CoreLocation.framework in Frameworks */ = {isa = PBXBuildFile; fileRef = BC77F0771BFC7C3F000E2D9A /* CoreLocation.framework */; };
		BC77F08C1BFC7E4B000E2D9A /* libz.tbd in Frameworks */ = {isa = PBXBuildFile; fileRef = BC77F0791BFC7C3F000E2D9A /* libz.tbd */; };
		BC77F08D1BFC7E4B000E2D9A /* QuartzCore.framework in Frameworks */ = {isa = PBXBuildFile; fileRef = BC77F07A1BFC7C3F000E2D9A /* QuartzCore.framework */; };
		BC77F08E1BFC7E4B000E2D9A /* Security.framework in Frameworks */ = {isa = PBXBuildFile; fileRef = BC77F07B1BFC7C3F000E2D9A /* Security.framework */; };
		BC77F08F1BFC7E4B000E2D9A /* StoreKit.framework in Frameworks */ = {isa = PBXBuildFile; fileRef = BC77F07C1BFC7C3F000E2D9A /* StoreKit.framework */; };
		BC77F0901BFC7E4B000E2D9A /* SystemConfiguration.framework in Frameworks */ = {isa = PBXBuildFile; fileRef = BC77F07D1BFC7C3F000E2D9A /* SystemConfiguration.framework */; };
		BC77F0931BFC7E6B000E2D9A /* libsqlite3.tbd in Frameworks */ = {isa = PBXBuildFile; fileRef = BC77F0781BFC7C3F000E2D9A /* libsqlite3.tbd */; };
		BC8AE0361BFE67A700BAFBDA /* spielNavigationBar.swift in Sources */ = {isa = PBXBuildFile; fileRef = BC8AE0351BFE67A700BAFBDA /* spielNavigationBar.swift */; };
		BC8AE0381BFE6D8E00BAFBDA /* spielTabBarController.swift in Sources */ = {isa = PBXBuildFile; fileRef = BC8AE0371BFE6D8E00BAFBDA /* spielTabBarController.swift */; };
		BC9111BA1BFE943B000B886F /* selectedTab.png in Resources */ = {isa = PBXBuildFile; fileRef = BC9111B91BFE943B000B886F /* selectedTab.png */; };
		BC9111D11BFEA910000B886F /* discovericon.png in Resources */ = {isa = PBXBuildFile; fileRef = BC9111C71BFEA910000B886F /* discovericon.png */; };
		BC9111D21BFEA910000B886F /* discovericon@2x.png in Resources */ = {isa = PBXBuildFile; fileRef = BC9111C81BFEA910000B886F /* discovericon@2x.png */; };
		BC9111D31BFEA910000B886F /* homeicon.png in Resources */ = {isa = PBXBuildFile; fileRef = BC9111C91BFEA910000B886F /* homeicon.png */; };
		BC9111D41BFEA910000B886F /* homeicon@2x.png in Resources */ = {isa = PBXBuildFile; fileRef = BC9111CA1BFEA910000B886F /* homeicon@2x.png */; };
		BC9111D51BFEA910000B886F /* notificationicon.png in Resources */ = {isa = PBXBuildFile; fileRef = BC9111CB1BFEA910000B886F /* notificationicon.png */; };
		BC9111D61BFEA910000B886F /* notificationicon@2x.png in Resources */ = {isa = PBXBuildFile; fileRef = BC9111CC1BFEA910000B886F /* notificationicon@2x.png */; };
		BC9111D71BFEA910000B886F /* posticon.png in Resources */ = {isa = PBXBuildFile; fileRef = BC9111CD1BFEA910000B886F /* posticon.png */; };
		BC9111D81BFEA910000B886F /* posticon@2x.png in Resources */ = {isa = PBXBuildFile; fileRef = BC9111CE1BFEA910000B886F /* posticon@2x.png */; };
		BC9111D91BFEA910000B886F /* profileicon.png in Resources */ = {isa = PBXBuildFile; fileRef = BC9111CF1BFEA910000B886F /* profileicon.png */; };
		BC9111DA1BFEA910000B886F /* profileicon@2x.png in Resources */ = {isa = PBXBuildFile; fileRef = BC9111D01BFEA910000B886F /* profileicon@2x.png */; };
		BC98394E1BFD9005005F6955 /* Accounts.framework in Frameworks */ = {isa = PBXBuildFile; fileRef = BC98394D1BFD9005005F6955 /* Accounts.framework */; };
		BC9839501BFD9066005F6955 /* Social.framework in Frameworks */ = {isa = PBXBuildFile; fileRef = BC98394F1BFD9066005F6955 /* Social.framework */; };
		BC9839521BFD95DF005F6955 /* SpielTableViewController.swift in Sources */ = {isa = PBXBuildFile; fileRef = BC9839511BFD95DF005F6955 /* SpielTableViewController.swift */; };
		BCECD8E41BFC839F00F4E277 /* AudioToolbox.framework in Frameworks */ = {isa = PBXBuildFile; fileRef = BC77F0741BFC7C3F000E2D9A /* AudioToolbox.framework */; };
		BCECD8E51BFC839F00F4E277 /* CFNetwork.framework in Frameworks */ = {isa = PBXBuildFile; fileRef = BC77F0751BFC7C3F000E2D9A /* CFNetwork.framework */; };
		BCECD8E61BFC839F00F4E277 /* CoreGraphics.framework in Frameworks */ = {isa = PBXBuildFile; fileRef = BC77F0761BFC7C3F000E2D9A /* CoreGraphics.framework */; };
		BCECD8E71BFC839F00F4E277 /* CoreLocation.framework in Frameworks */ = {isa = PBXBuildFile; fileRef = BC77F0771BFC7C3F000E2D9A /* CoreLocation.framework */; };
		BCECD8E81BFC839F00F4E277 /* libsqlite3.tbd in Frameworks */ = {isa = PBXBuildFile; fileRef = BC77F0781BFC7C3F000E2D9A /* libsqlite3.tbd */; };
		BCECD8E91BFC839F00F4E277 /* libz.tbd in Frameworks */ = {isa = PBXBuildFile; fileRef = BC77F0791BFC7C3F000E2D9A /* libz.tbd */; };
		BCECD8EA1BFC839F00F4E277 /* QuartzCore.framework in Frameworks */ = {isa = PBXBuildFile; fileRef = BC77F07A1BFC7C3F000E2D9A /* QuartzCore.framework */; };
		BCECD8EB1BFC839F00F4E277 /* Security.framework in Frameworks */ = {isa = PBXBuildFile; fileRef = BC77F07B1BFC7C3F000E2D9A /* Security.framework */; };
		BCECD8EC1BFC839F00F4E277 /* StoreKit.framework in Frameworks */ = {isa = PBXBuildFile; fileRef = BC77F07C1BFC7C3F000E2D9A /* StoreKit.framework */; };
		BCECD8ED1BFC839F00F4E277 /* SystemConfiguration.framework in Frameworks */ = {isa = PBXBuildFile; fileRef = BC77F07D1BFC7C3F000E2D9A /* SystemConfiguration.framework */; };
		BCECD8F51BFC83D700F4E277 /* Bolts.framework in Frameworks */ = {isa = PBXBuildFile; fileRef = BCECD8EE1BFC83D700F4E277 /* Bolts.framework */; };
		BCECD8F61BFC83D700F4E277 /* Parse.framework in Frameworks */ = {isa = PBXBuildFile; fileRef = BCECD8EF1BFC83D700F4E277 /* Parse.framework */; };
		BCECD8F71BFC83D700F4E277 /* ParseCrashReporting.framework in Frameworks */ = {isa = PBXBuildFile; fileRef = BCECD8F01BFC83D700F4E277 /* ParseCrashReporting.framework */; };
		BCECD8F81BFC83D700F4E277 /* ParseFacebookUtils.framework in Frameworks */ = {isa = PBXBuildFile; fileRef = BCECD8F11BFC83D700F4E277 /* ParseFacebookUtils.framework */; };
		BCECD8F91BFC83D700F4E277 /* ParseFacebookUtilsV4.framework in Frameworks */ = {isa = PBXBuildFile; fileRef = BCECD8F21BFC83D700F4E277 /* ParseFacebookUtilsV4.framework */; };
		BCECD8FA1BFC83D700F4E277 /* ParseTwitterUtils.framework in Frameworks */ = {isa = PBXBuildFile; fileRef = BCECD8F31BFC83D700F4E277 /* ParseTwitterUtils.framework */; };
		BCECD8FB1BFC83D700F4E277 /* ParseUI.framework in Frameworks */ = {isa = PBXBuildFile; fileRef = BCECD8F41BFC83D700F4E277 /* ParseUI.framework */; };
/* End PBXBuildFile section */

/* Begin PBXContainerItemProxy section */
		159118BB1BF6957C00B01CAD /* PBXContainerItemProxy */ = {
			isa = PBXContainerItemProxy;
			containerPortal = 1591189B1BF6957B00B01CAD /* Project object */;
			proxyType = 1;
			remoteGlobalIDString = 159118A21BF6957B00B01CAD;
			remoteInfo = Spiel;
		};
		159118C61BF6957C00B01CAD /* PBXContainerItemProxy */ = {
			isa = PBXContainerItemProxy;
			containerPortal = 1591189B1BF6957B00B01CAD /* Project object */;
			proxyType = 1;
			remoteGlobalIDString = 159118A21BF6957B00B01CAD;
			remoteInfo = Spiel;
		};
/* End PBXContainerItemProxy section */

/* Begin PBXFileReference section */
		159118A31BF6957B00B01CAD /* Spiel.app */ = {isa = PBXFileReference; explicitFileType = wrapper.application; includeInIndex = 0; path = Spiel.app; sourceTree = BUILT_PRODUCTS_DIR; };
		159118A61BF6957B00B01CAD /* AppDelegate.swift */ = {isa = PBXFileReference; lastKnownFileType = sourcecode.swift; path = AppDelegate.swift; sourceTree = "<group>"; };
		159118A81BF6957B00B01CAD /* ViewController.swift */ = {isa = PBXFileReference; lastKnownFileType = sourcecode.swift; path = ViewController.swift; sourceTree = "<group>"; };
		159118AB1BF6957B00B01CAD /* Base */ = {isa = PBXFileReference; lastKnownFileType = file.storyboard; name = Base; path = Base.lproj/Main.storyboard; sourceTree = "<group>"; };
		159118AE1BF6957B00B01CAD /* Spiel.xcdatamodel */ = {isa = PBXFileReference; lastKnownFileType = wrapper.xcdatamodel; path = Spiel.xcdatamodel; sourceTree = "<group>"; };
		159118B01BF6957B00B01CAD /* Assets.xcassets */ = {isa = PBXFileReference; lastKnownFileType = folder.assetcatalog; path = Assets.xcassets; sourceTree = "<group>"; };
		159118B31BF6957B00B01CAD /* Base */ = {isa = PBXFileReference; lastKnownFileType = file.storyboard; name = Base; path = Base.lproj/LaunchScreen.storyboard; sourceTree = "<group>"; };
		159118B51BF6957B00B01CAD /* Info.plist */ = {isa = PBXFileReference; lastKnownFileType = text.plist.xml; path = Info.plist; sourceTree = "<group>"; };
		159118BA1BF6957C00B01CAD /* SpielTests.xctest */ = {isa = PBXFileReference; explicitFileType = wrapper.cfbundle; includeInIndex = 0; path = SpielTests.xctest; sourceTree = BUILT_PRODUCTS_DIR; };
		159118BE1BF6957C00B01CAD /* SpielTests.swift */ = {isa = PBXFileReference; lastKnownFileType = sourcecode.swift; path = SpielTests.swift; sourceTree = "<group>"; };
		159118C01BF6957C00B01CAD /* Info.plist */ = {isa = PBXFileReference; lastKnownFileType = text.plist.xml; path = Info.plist; sourceTree = "<group>"; };
		159118C51BF6957C00B01CAD /* SpielUITests.xctest */ = {isa = PBXFileReference; explicitFileType = wrapper.cfbundle; includeInIndex = 0; path = SpielUITests.xctest; sourceTree = BUILT_PRODUCTS_DIR; };
		159118C91BF6957C00B01CAD /* SpielUITests.swift */ = {isa = PBXFileReference; lastKnownFileType = sourcecode.swift; path = SpielUITests.swift; sourceTree = "<group>"; };
		159118CB1BF6957C00B01CAD /* Info.plist */ = {isa = PBXFileReference; lastKnownFileType = text.plist.xml; path = Info.plist; sourceTree = "<group>"; };
		15D58CED1BFEF2E000A386F8 /* SpielDetailViewController.swift */ = {isa = PBXFileReference; fileEncoding = 4; lastKnownFileType = sourcecode.swift; path = SpielDetailViewController.swift; sourceTree = "<group>"; };
		15E576EF1BFF0DB4009536E8 /* ProfileViewController.swift */ = {isa = PBXFileReference; fileEncoding = 4; lastKnownFileType = sourcecode.swift; path = ProfileViewController.swift; sourceTree = "<group>"; };
		BC77F05F1BFC6891000E2D9A /* navigationBackground.png */ = {isa = PBXFileReference; lastKnownFileType = image.png; path = navigationBackground.png; sourceTree = "<group>"; };
		BC77F0611BFC70E7000E2D9A /* spiel.xib */ = {isa = PBXFileReference; fileEncoding = 4; lastKnownFileType = file.xib; path = spiel.xib; sourceTree = "<group>"; };
		BC77F0631BFC7594000E2D9A /* spielCell.swift */ = {isa = PBXFileReference; fileEncoding = 4; lastKnownFileType = sourcecode.swift; path = spielCell.swift; sourceTree = "<group>"; };
		BC77F0741BFC7C3F000E2D9A /* AudioToolbox.framework */ = {isa = PBXFileReference; lastKnownFileType = wrapper.framework; name = AudioToolbox.framework; path = System/Library/Frameworks/AudioToolbox.framework; sourceTree = SDKROOT; };
		BC77F0751BFC7C3F000E2D9A /* CFNetwork.framework */ = {isa = PBXFileReference; lastKnownFileType = wrapper.framework; name = CFNetwork.framework; path = System/Library/Frameworks/CFNetwork.framework; sourceTree = SDKROOT; };
		BC77F0761BFC7C3F000E2D9A /* CoreGraphics.framework */ = {isa = PBXFileReference; lastKnownFileType = wrapper.framework; name = CoreGraphics.framework; path = System/Library/Frameworks/CoreGraphics.framework; sourceTree = SDKROOT; };
		BC77F0771BFC7C3F000E2D9A /* CoreLocation.framework */ = {isa = PBXFileReference; lastKnownFileType = wrapper.framework; name = CoreLocation.framework; path = System/Library/Frameworks/CoreLocation.framework; sourceTree = SDKROOT; };
		BC77F0781BFC7C3F000E2D9A /* libsqlite3.tbd */ = {isa = PBXFileReference; lastKnownFileType = "sourcecode.text-based-dylib-definition"; name = libsqlite3.tbd; path = usr/lib/libsqlite3.tbd; sourceTree = SDKROOT; };
		BC77F0791BFC7C3F000E2D9A /* libz.tbd */ = {isa = PBXFileReference; lastKnownFileType = "sourcecode.text-based-dylib-definition"; name = libz.tbd; path = usr/lib/libz.tbd; sourceTree = SDKROOT; };
		BC77F07A1BFC7C3F000E2D9A /* QuartzCore.framework */ = {isa = PBXFileReference; lastKnownFileType = wrapper.framework; name = QuartzCore.framework; path = System/Library/Frameworks/QuartzCore.framework; sourceTree = SDKROOT; };
		BC77F07B1BFC7C3F000E2D9A /* Security.framework */ = {isa = PBXFileReference; lastKnownFileType = wrapper.framework; name = Security.framework; path = System/Library/Frameworks/Security.framework; sourceTree = SDKROOT; };
		BC77F07C1BFC7C3F000E2D9A /* StoreKit.framework */ = {isa = PBXFileReference; lastKnownFileType = wrapper.framework; name = StoreKit.framework; path = System/Library/Frameworks/StoreKit.framework; sourceTree = SDKROOT; };
		BC77F07D1BFC7C3F000E2D9A /* SystemConfiguration.framework */ = {isa = PBXFileReference; lastKnownFileType = wrapper.framework; name = SystemConfiguration.framework; path = System/Library/Frameworks/SystemConfiguration.framework; sourceTree = SDKROOT; };
		BC77F0911BFC7E4B000E2D9A /* libedit.3.tbd */ = {isa = PBXFileReference; lastKnownFileType = "sourcecode.text-based-dylib-definition"; name = libedit.3.tbd; path = usr/lib/libedit.3.tbd; sourceTree = SDKROOT; };
		BC8AE0351BFE67A700BAFBDA /* spielNavigationBar.swift */ = {isa = PBXFileReference; fileEncoding = 4; lastKnownFileType = sourcecode.swift; path = spielNavigationBar.swift; sourceTree = "<group>"; };
		BC8AE0371BFE6D8E00BAFBDA /* spielTabBarController.swift */ = {isa = PBXFileReference; fileEncoding = 4; lastKnownFileType = sourcecode.swift; path = spielTabBarController.swift; sourceTree = "<group>"; };
		BC9111B91BFE943B000B886F /* selectedTab.png */ = {isa = PBXFileReference; lastKnownFileType = image.png; path = selectedTab.png; sourceTree = "<group>"; };
		BC9111C71BFEA910000B886F /* discovericon.png */ = {isa = PBXFileReference; lastKnownFileType = image.png; path = discovericon.png; sourceTree = "<group>"; };
		BC9111C81BFEA910000B886F /* discovericon@2x.png */ = {isa = PBXFileReference; lastKnownFileType = image.png; path = "discovericon@2x.png"; sourceTree = "<group>"; };
		BC9111C91BFEA910000B886F /* homeicon.png */ = {isa = PBXFileReference; lastKnownFileType = image.png; path = homeicon.png; sourceTree = "<group>"; };
		BC9111CA1BFEA910000B886F /* homeicon@2x.png */ = {isa = PBXFileReference; lastKnownFileType = image.png; path = "homeicon@2x.png"; sourceTree = "<group>"; };
		BC9111CB1BFEA910000B886F /* notificationicon.png */ = {isa = PBXFileReference; lastKnownFileType = image.png; path = notificationicon.png; sourceTree = "<group>"; };
		BC9111CC1BFEA910000B886F /* notificationicon@2x.png */ = {isa = PBXFileReference; lastKnownFileType = image.png; path = "notificationicon@2x.png"; sourceTree = "<group>"; };
		BC9111CD1BFEA910000B886F /* posticon.png */ = {isa = PBXFileReference; lastKnownFileType = image.png; path = posticon.png; sourceTree = "<group>"; };
		BC9111CE1BFEA910000B886F /* posticon@2x.png */ = {isa = PBXFileReference; lastKnownFileType = image.png; path = "posticon@2x.png"; sourceTree = "<group>"; };
		BC9111CF1BFEA910000B886F /* profileicon.png */ = {isa = PBXFileReference; lastKnownFileType = image.png; path = profileicon.png; sourceTree = "<group>"; };
		BC9111D01BFEA910000B886F /* profileicon@2x.png */ = {isa = PBXFileReference; lastKnownFileType = image.png; path = "profileicon@2x.png"; sourceTree = "<group>"; };
		BC98394D1BFD9005005F6955 /* Accounts.framework */ = {isa = PBXFileReference; lastKnownFileType = wrapper.framework; name = Accounts.framework; path = System/Library/Frameworks/Accounts.framework; sourceTree = SDKROOT; };
		BC98394F1BFD9066005F6955 /* Social.framework */ = {isa = PBXFileReference; lastKnownFileType = wrapper.framework; name = Social.framework; path = System/Library/Frameworks/Social.framework; sourceTree = SDKROOT; };
		BC9839511BFD95DF005F6955 /* SpielTableViewController.swift */ = {isa = PBXFileReference; fileEncoding = 4; lastKnownFileType = sourcecode.swift; path = SpielTableViewController.swift; sourceTree = "<group>"; };
		BCECD8EE1BFC83D700F4E277 /* Bolts.framework */ = {isa = PBXFileReference; lastKnownFileType = wrapper.framework; name = Bolts.framework; path = Spiel/Bolts.framework; sourceTree = "<group>"; };
		BCECD8EF1BFC83D700F4E277 /* Parse.framework */ = {isa = PBXFileReference; lastKnownFileType = wrapper.framework; name = Parse.framework; path = Spiel/Parse.framework; sourceTree = "<group>"; };
		BCECD8F01BFC83D700F4E277 /* ParseCrashReporting.framework */ = {isa = PBXFileReference; lastKnownFileType = wrapper.framework; name = ParseCrashReporting.framework; path = Spiel/ParseCrashReporting.framework; sourceTree = "<group>"; };
		BCECD8F11BFC83D700F4E277 /* ParseFacebookUtils.framework */ = {isa = PBXFileReference; lastKnownFileType = wrapper.framework; name = ParseFacebookUtils.framework; path = Spiel/ParseFacebookUtils.framework; sourceTree = "<group>"; };
		BCECD8F21BFC83D700F4E277 /* ParseFacebookUtilsV4.framework */ = {isa = PBXFileReference; lastKnownFileType = wrapper.framework; name = ParseFacebookUtilsV4.framework; path = Spiel/ParseFacebookUtilsV4.framework; sourceTree = "<group>"; };
		BCECD8F31BFC83D700F4E277 /* ParseTwitterUtils.framework */ = {isa = PBXFileReference; lastKnownFileType = wrapper.framework; name = ParseTwitterUtils.framework; path = Spiel/ParseTwitterUtils.framework; sourceTree = "<group>"; };
		BCECD8F41BFC83D700F4E277 /* ParseUI.framework */ = {isa = PBXFileReference; lastKnownFileType = wrapper.framework; name = ParseUI.framework; path = Spiel/ParseUI.framework; sourceTree = "<group>"; };
/* End PBXFileReference section */

/* Begin PBXFrameworksBuildPhase section */
		159118A01BF6957B00B01CAD /* Frameworks */ = {
			isa = PBXFrameworksBuildPhase;
			buildActionMask = 2147483647;
			files = (
				BC9839501BFD9066005F6955 /* Social.framework in Frameworks */,
				BC98394E1BFD9005005F6955 /* Accounts.framework in Frameworks */,
				BCECD8FB1BFC83D700F4E277 /* ParseUI.framework in Frameworks */,
				BCECD8E41BFC839F00F4E277 /* AudioToolbox.framework in Frameworks */,
				BCECD8E51BFC839F00F4E277 /* CFNetwork.framework in Frameworks */,
				BCECD8E61BFC839F00F4E277 /* CoreGraphics.framework in Frameworks */,
				BCECD8F51BFC83D700F4E277 /* Bolts.framework in Frameworks */,
				BCECD8E71BFC839F00F4E277 /* CoreLocation.framework in Frameworks */,
				BCECD8F71BFC83D700F4E277 /* ParseCrashReporting.framework in Frameworks */,
				BCECD8E81BFC839F00F4E277 /* libsqlite3.tbd in Frameworks */,
				BCECD8F61BFC83D700F4E277 /* Parse.framework in Frameworks */,
				BCECD8F81BFC83D700F4E277 /* ParseFacebookUtils.framework in Frameworks */,
				BCECD8E91BFC839F00F4E277 /* libz.tbd in Frameworks */,
				BCECD8F91BFC83D700F4E277 /* ParseFacebookUtilsV4.framework in Frameworks */,
				BCECD8EA1BFC839F00F4E277 /* QuartzCore.framework in Frameworks */,
				BCECD8EB1BFC839F00F4E277 /* Security.framework in Frameworks */,
				BCECD8EC1BFC839F00F4E277 /* StoreKit.framework in Frameworks */,
				BCECD8FA1BFC83D700F4E277 /* ParseTwitterUtils.framework in Frameworks */,
				BCECD8ED1BFC839F00F4E277 /* SystemConfiguration.framework in Frameworks */,
			);
			runOnlyForDeploymentPostprocessing = 0;
		};
		159118B71BF6957C00B01CAD /* Frameworks */ = {
			isa = PBXFrameworksBuildPhase;
			buildActionMask = 2147483647;
			files = (
				BC77F0931BFC7E6B000E2D9A /* libsqlite3.tbd in Frameworks */,
				BC77F0881BFC7E4B000E2D9A /* AudioToolbox.framework in Frameworks */,
				BC77F0891BFC7E4B000E2D9A /* CFNetwork.framework in Frameworks */,
				BC77F08A1BFC7E4B000E2D9A /* CoreGraphics.framework in Frameworks */,
				BC77F08B1BFC7E4B000E2D9A /* CoreLocation.framework in Frameworks */,
				BC77F08C1BFC7E4B000E2D9A /* libz.tbd in Frameworks */,
				BC77F08D1BFC7E4B000E2D9A /* QuartzCore.framework in Frameworks */,
				BC77F08E1BFC7E4B000E2D9A /* Security.framework in Frameworks */,
				BC77F08F1BFC7E4B000E2D9A /* StoreKit.framework in Frameworks */,
				BC77F0901BFC7E4B000E2D9A /* SystemConfiguration.framework in Frameworks */,
			);
			runOnlyForDeploymentPostprocessing = 0;
		};
		159118C21BF6957C00B01CAD /* Frameworks */ = {
			isa = PBXFrameworksBuildPhase;
			buildActionMask = 2147483647;
			files = (
			);
			runOnlyForDeploymentPostprocessing = 0;
		};
/* End PBXFrameworksBuildPhase section */

/* Begin PBXGroup section */
		1591189A1BF6957B00B01CAD = {
			isa = PBXGroup;
			children = (
				BC77F0911BFC7E4B000E2D9A /* libedit.3.tbd */,
				BC77F0741BFC7C3F000E2D9A /* AudioToolbox.framework */,
				BC77F0751BFC7C3F000E2D9A /* CFNetwork.framework */,
				BC77F0761BFC7C3F000E2D9A /* CoreGraphics.framework */,
				BC77F0771BFC7C3F000E2D9A /* CoreLocation.framework */,
				BC77F0781BFC7C3F000E2D9A /* libsqlite3.tbd */,
				BC77F0791BFC7C3F000E2D9A /* libz.tbd */,
				BC77F07A1BFC7C3F000E2D9A /* QuartzCore.framework */,
				BC77F07B1BFC7C3F000E2D9A /* Security.framework */,
				BC77F07C1BFC7C3F000E2D9A /* StoreKit.framework */,
				BC77F07D1BFC7C3F000E2D9A /* SystemConfiguration.framework */,
				159118A51BF6957B00B01CAD /* Spiel */,
				159118BD1BF6957C00B01CAD /* SpielTests */,
				159118C81BF6957C00B01CAD /* SpielUITests */,
				159118A41BF6957B00B01CAD /* Products */,
				2904EC8611C021C12DF94F3F /* Frameworks */,
			);
			sourceTree = "<group>";
		};
		159118A41BF6957B00B01CAD /* Products */ = {
			isa = PBXGroup;
			children = (
				159118A31BF6957B00B01CAD /* Spiel.app */,
				159118BA1BF6957C00B01CAD /* SpielTests.xctest */,
				159118C51BF6957C00B01CAD /* SpielUITests.xctest */,
			);
			name = Products;
			sourceTree = "<group>";
		};
		159118A51BF6957B00B01CAD /* Spiel */ = {
			isa = PBXGroup;
			children = (
				BCFD06771BFBC31E008B8989 /* images */,
				159118A61BF6957B00B01CAD /* AppDelegate.swift */,
				159118A81BF6957B00B01CAD /* ViewController.swift */,
				159118AA1BF6957B00B01CAD /* Main.storyboard */,
				159118B01BF6957B00B01CAD /* Assets.xcassets */,
				159118B21BF6957B00B01CAD /* LaunchScreen.storyboard */,
				159118B51BF6957B00B01CAD /* Info.plist */,
				159118AD1BF6957B00B01CAD /* Spiel.xcdatamodeld */,
				BC77F0611BFC70E7000E2D9A /* spiel.xib */,
				15E576EF1BFF0DB4009536E8 /* ProfileViewController.swift */,
				BC77F0631BFC7594000E2D9A /* spielCell.swift */,
				15D58CED1BFEF2E000A386F8 /* SpielDetailViewController.swift */,
				BC9839511BFD95DF005F6955 /* SpielTableViewController.swift */,
				BC8AE0351BFE67A700BAFBDA /* spielNavigationBar.swift */,
				BC8AE0371BFE6D8E00BAFBDA /* spielTabBarController.swift */,
			);
			path = Spiel;
			sourceTree = "<group>";
		};
		159118BD1BF6957C00B01CAD /* SpielTests */ = {
			isa = PBXGroup;
			children = (
				159118BE1BF6957C00B01CAD /* SpielTests.swift */,
				159118C01BF6957C00B01CAD /* Info.plist */,
			);
			path = SpielTests;
			sourceTree = "<group>";
		};
		159118C81BF6957C00B01CAD /* SpielUITests */ = {
			isa = PBXGroup;
			children = (
				159118C91BF6957C00B01CAD /* SpielUITests.swift */,
				159118CB1BF6957C00B01CAD /* Info.plist */,
			);
			path = SpielUITests;
			sourceTree = "<group>";
		};
		2904EC8611C021C12DF94F3F /* Frameworks */ = {
			isa = PBXGroup;
			children = (
				BC98394F1BFD9066005F6955 /* Social.framework */,
				BC98394D1BFD9005005F6955 /* Accounts.framework */,
				BCECD8EE1BFC83D700F4E277 /* Bolts.framework */,
				BCECD8EF1BFC83D700F4E277 /* Parse.framework */,
				BCECD8F01BFC83D700F4E277 /* ParseCrashReporting.framework */,
				BCECD8F11BFC83D700F4E277 /* ParseFacebookUtils.framework */,
				BCECD8F21BFC83D700F4E277 /* ParseFacebookUtilsV4.framework */,
				BCECD8F31BFC83D700F4E277 /* ParseTwitterUtils.framework */,
				BCECD8F41BFC83D700F4E277 /* ParseUI.framework */,
			);
			name = Frameworks;
			sourceTree = "<group>";
		};
		BCFD06771BFBC31E008B8989 /* images */ = {
			isa = PBXGroup;
			children = (
				BC77F05F1BFC6891000E2D9A /* navigationBackground.png */,
				BC9111B91BFE943B000B886F /* selectedTab.png */,
				BC9111C71BFEA910000B886F /* discovericon.png */,
				BC9111C81BFEA910000B886F /* discovericon@2x.png */,
				BC9111C91BFEA910000B886F /* homeicon.png */,
				BC9111CA1BFEA910000B886F /* homeicon@2x.png */,
				BC9111CB1BFEA910000B886F /* notificationicon.png */,
				BC9111CC1BFEA910000B886F /* notificationicon@2x.png */,
				BC9111CD1BFEA910000B886F /* posticon.png */,
				BC9111CE1BFEA910000B886F /* posticon@2x.png */,
				BC9111CF1BFEA910000B886F /* profileicon.png */,
				BC9111D01BFEA910000B886F /* profileicon@2x.png */,
			);
			name = images;
			sourceTree = "<group>";
		};
/* End PBXGroup section */

/* Begin PBXNativeTarget section */
		159118A21BF6957B00B01CAD /* Spiel */ = {
			isa = PBXNativeTarget;
			buildConfigurationList = 159118CE1BF6957C00B01CAD /* Build configuration list for PBXNativeTarget "Spiel" */;
			buildPhases = (
				1591189F1BF6957B00B01CAD /* Sources */,
				159118A01BF6957B00B01CAD /* Frameworks */,
				159118A11BF6957B00B01CAD /* Resources */,
			);
			buildRules = (
			);
			dependencies = (
			);
			name = Spiel;
			productName = Spiel;
			productReference = 159118A31BF6957B00B01CAD /* Spiel.app */;
			productType = "com.apple.product-type.application";
		};
		159118B91BF6957C00B01CAD /* SpielTests */ = {
			isa = PBXNativeTarget;
			buildConfigurationList = 159118D11BF6957C00B01CAD /* Build configuration list for PBXNativeTarget "SpielTests" */;
			buildPhases = (
				159118B61BF6957C00B01CAD /* Sources */,
				159118B71BF6957C00B01CAD /* Frameworks */,
				159118B81BF6957C00B01CAD /* Resources */,
			);
			buildRules = (
			);
			dependencies = (
				159118BC1BF6957C00B01CAD /* PBXTargetDependency */,
			);
			name = SpielTests;
			productName = SpielTests;
			productReference = 159118BA1BF6957C00B01CAD /* SpielTests.xctest */;
			productType = "com.apple.product-type.bundle.unit-test";
		};
		159118C41BF6957C00B01CAD /* SpielUITests */ = {
			isa = PBXNativeTarget;
			buildConfigurationList = 159118D41BF6957C00B01CAD /* Build configuration list for PBXNativeTarget "SpielUITests" */;
			buildPhases = (
				159118C11BF6957C00B01CAD /* Sources */,
				159118C21BF6957C00B01CAD /* Frameworks */,
				159118C31BF6957C00B01CAD /* Resources */,
			);
			buildRules = (
			);
			dependencies = (
				159118C71BF6957C00B01CAD /* PBXTargetDependency */,
			);
			name = SpielUITests;
			productName = SpielUITests;
			productReference = 159118C51BF6957C00B01CAD /* SpielUITests.xctest */;
			productType = "com.apple.product-type.bundle.ui-testing";
		};
/* End PBXNativeTarget section */

/* Begin PBXProject section */
		1591189B1BF6957B00B01CAD /* Project object */ = {
			isa = PBXProject;
			attributes = {
				LastSwiftUpdateCheck = 0710;
				LastUpgradeCheck = 0710;
				ORGANIZATIONNAME = "SunMi Lee";
				TargetAttributes = {
					159118A21BF6957B00B01CAD = {
						CreatedOnToolsVersion = 7.1.1;
					};
					159118B91BF6957C00B01CAD = {
						CreatedOnToolsVersion = 7.1.1;
						TestTargetID = 159118A21BF6957B00B01CAD;
					};
					159118C41BF6957C00B01CAD = {
						CreatedOnToolsVersion = 7.1.1;
						TestTargetID = 159118A21BF6957B00B01CAD;
					};
				};
			};
			buildConfigurationList = 1591189E1BF6957B00B01CAD /* Build configuration list for PBXProject "Spiel" */;
			compatibilityVersion = "Xcode 3.2";
			developmentRegion = English;
			hasScannedForEncodings = 0;
			knownRegions = (
				en,
				Base,
			);
			mainGroup = 1591189A1BF6957B00B01CAD;
			productRefGroup = 159118A41BF6957B00B01CAD /* Products */;
			projectDirPath = "";
			projectRoot = "";
			targets = (
				159118A21BF6957B00B01CAD /* Spiel */,
				159118B91BF6957C00B01CAD /* SpielTests */,
				159118C41BF6957C00B01CAD /* SpielUITests */,
			);
		};
/* End PBXProject section */

/* Begin PBXResourcesBuildPhase section */
		159118A11BF6957B00B01CAD /* Resources */ = {
			isa = PBXResourcesBuildPhase;
			buildActionMask = 2147483647;
			files = (
				BC9111D31BFEA910000B886F /* homeicon.png in Resources */,
				BC9111D21BFEA910000B886F /* discovericon@2x.png in Resources */,
				159118B41BF6957B00B01CAD /* LaunchScreen.storyboard in Resources */,
				159118B11BF6957B00B01CAD /* Assets.xcassets in Resources */,
				BC9111D61BFEA910000B886F /* notificationicon@2x.png in Resources */,
				BC9111D81BFEA910000B886F /* posticon@2x.png in Resources */,
				BC9111D71BFEA910000B886F /* posticon.png in Resources */,
				BC9111BA1BFE943B000B886F /* selectedTab.png in Resources */,
				BC9111D91BFEA910000B886F /* profileicon.png in Resources */,
				BC9111DA1BFEA910000B886F /* profileicon@2x.png in Resources */,
				159118AC1BF6957B00B01CAD /* Main.storyboard in Resources */,
				BC9111D41BFEA910000B886F /* homeicon@2x.png in Resources */,
				BC77F0601BFC6891000E2D9A /* navigationBackground.png in Resources */,
				BC77F0621BFC70E7000E2D9A /* spiel.xib in Resources */,
				BC9111D51BFEA910000B886F /* notificationicon.png in Resources */,
				BC9111D11BFEA910000B886F /* discovericon.png in Resources */,
			);
			runOnlyForDeploymentPostprocessing = 0;
		};
		159118B81BF6957C00B01CAD /* Resources */ = {
			isa = PBXResourcesBuildPhase;
			buildActionMask = 2147483647;
			files = (
			);
			runOnlyForDeploymentPostprocessing = 0;
		};
		159118C31BF6957C00B01CAD /* Resources */ = {
			isa = PBXResourcesBuildPhase;
			buildActionMask = 2147483647;
			files = (
			);
			runOnlyForDeploymentPostprocessing = 0;
		};
/* End PBXResourcesBuildPhase section */

/* Begin PBXSourcesBuildPhase section */
		1591189F1BF6957B00B01CAD /* Sources */ = {
			isa = PBXSourcesBuildPhase;
			buildActionMask = 2147483647;
			files = (
				159118AF1BF6957B00B01CAD /* Spiel.xcdatamodeld in Sources */,
				15D58CEE1BFEF2E000A386F8 /* SpielDetailViewController.swift in Sources */,
				BC8AE0361BFE67A700BAFBDA /* spielNavigationBar.swift in Sources */,
				BC9839521BFD95DF005F6955 /* SpielTableViewController.swift in Sources */,
				159118A91BF6957B00B01CAD /* ViewController.swift in Sources */,
				BC8AE0381BFE6D8E00BAFBDA /* spielTabBarController.swift in Sources */,
				15E576F01BFF0DB4009536E8 /* ProfileViewController.swift in Sources */,
				159118A71BF6957B00B01CAD /* AppDelegate.swift in Sources */,
				BC77F0641BFC7594000E2D9A /* spielCell.swift in Sources */,
			);
			runOnlyForDeploymentPostprocessing = 0;
		};
		159118B61BF6957C00B01CAD /* Sources */ = {
			isa = PBXSourcesBuildPhase;
			buildActionMask = 2147483647;
			files = (
				159118BF1BF6957C00B01CAD /* SpielTests.swift in Sources */,
			);
			runOnlyForDeploymentPostprocessing = 0;
		};
		159118C11BF6957C00B01CAD /* Sources */ = {
			isa = PBXSourcesBuildPhase;
			buildActionMask = 2147483647;
			files = (
				159118CA1BF6957C00B01CAD /* SpielUITests.swift in Sources */,
			);
			runOnlyForDeploymentPostprocessing = 0;
		};
/* End PBXSourcesBuildPhase section */

/* Begin PBXTargetDependency section */
		159118BC1BF6957C00B01CAD /* PBXTargetDependency */ = {
			isa = PBXTargetDependency;
			target = 159118A21BF6957B00B01CAD /* Spiel */;
			targetProxy = 159118BB1BF6957C00B01CAD /* PBXContainerItemProxy */;
		};
		159118C71BF6957C00B01CAD /* PBXTargetDependency */ = {
			isa = PBXTargetDependency;
			target = 159118A21BF6957B00B01CAD /* Spiel */;
			targetProxy = 159118C61BF6957C00B01CAD /* PBXContainerItemProxy */;
		};
/* End PBXTargetDependency section */

/* Begin PBXVariantGroup section */
		159118AA1BF6957B00B01CAD /* Main.storyboard */ = {
			isa = PBXVariantGroup;
			children = (
				159118AB1BF6957B00B01CAD /* Base */,
			);
			name = Main.storyboard;
			sourceTree = "<group>";
		};
		159118B21BF6957B00B01CAD /* LaunchScreen.storyboard */ = {
			isa = PBXVariantGroup;
			children = (
				159118B31BF6957B00B01CAD /* Base */,
			);
			name = LaunchScreen.storyboard;
			sourceTree = "<group>";
		};
/* End PBXVariantGroup section */

/* Begin XCBuildConfiguration section */
		159118CC1BF6957C00B01CAD /* Debug */ = {
			isa = XCBuildConfiguration;
			buildSettings = {
				ALWAYS_SEARCH_USER_PATHS = NO;
				CLANG_CXX_LANGUAGE_STANDARD = "gnu++0x";
				CLANG_CXX_LIBRARY = "libc++";
				CLANG_ENABLE_MODULES = YES;
				CLANG_ENABLE_OBJC_ARC = YES;
				CLANG_WARN_BOOL_CONVERSION = YES;
				CLANG_WARN_CONSTANT_CONVERSION = YES;
				CLANG_WARN_DIRECT_OBJC_ISA_USAGE = YES_ERROR;
				CLANG_WARN_EMPTY_BODY = YES;
				CLANG_WARN_ENUM_CONVERSION = YES;
				CLANG_WARN_INT_CONVERSION = YES;
				CLANG_WARN_OBJC_ROOT_CLASS = YES_ERROR;
				CLANG_WARN_UNREACHABLE_CODE = YES;
				CLANG_WARN__DUPLICATE_METHOD_MATCH = YES;
				"CODE_SIGN_IDENTITY[sdk=iphoneos*]" = "iPhone Developer";
				COPY_PHASE_STRIP = NO;
				DEBUG_INFORMATION_FORMAT = dwarf;
				ENABLE_STRICT_OBJC_MSGSEND = YES;
				ENABLE_TESTABILITY = YES;
				GCC_C_LANGUAGE_STANDARD = gnu99;
				GCC_DYNAMIC_NO_PIC = NO;
				GCC_NO_COMMON_BLOCKS = YES;
				GCC_OPTIMIZATION_LEVEL = 0;
				GCC_PREPROCESSOR_DEFINITIONS = (
					"DEBUG=1",
					"$(inherited)",
				);
				GCC_WARN_64_TO_32_BIT_CONVERSION = YES;
				GCC_WARN_ABOUT_RETURN_TYPE = YES_ERROR;
				GCC_WARN_UNDECLARED_SELECTOR = YES;
				GCC_WARN_UNINITIALIZED_AUTOS = YES_AGGRESSIVE;
				GCC_WARN_UNUSED_FUNCTION = YES;
				GCC_WARN_UNUSED_VARIABLE = YES;
				IPHONEOS_DEPLOYMENT_TARGET = 9.1;
				MTL_ENABLE_DEBUG_INFO = YES;
				ONLY_ACTIVE_ARCH = YES;
				SDKROOT = iphoneos;
				SWIFT_OPTIMIZATION_LEVEL = "-Onone";
				TARGETED_DEVICE_FAMILY = "1,2";
			};
			name = Debug;
		};
		159118CD1BF6957C00B01CAD /* Release */ = {
			isa = XCBuildConfiguration;
			buildSettings = {
				ALWAYS_SEARCH_USER_PATHS = NO;
				CLANG_CXX_LANGUAGE_STANDARD = "gnu++0x";
				CLANG_CXX_LIBRARY = "libc++";
				CLANG_ENABLE_MODULES = YES;
				CLANG_ENABLE_OBJC_ARC = YES;
				CLANG_WARN_BOOL_CONVERSION = YES;
				CLANG_WARN_CONSTANT_CONVERSION = YES;
				CLANG_WARN_DIRECT_OBJC_ISA_USAGE = YES_ERROR;
				CLANG_WARN_EMPTY_BODY = YES;
				CLANG_WARN_ENUM_CONVERSION = YES;
				CLANG_WARN_INT_CONVERSION = YES;
				CLANG_WARN_OBJC_ROOT_CLASS = YES_ERROR;
				CLANG_WARN_UNREACHABLE_CODE = YES;
				CLANG_WARN__DUPLICATE_METHOD_MATCH = YES;
				"CODE_SIGN_IDENTITY[sdk=iphoneos*]" = "iPhone Developer";
				COPY_PHASE_STRIP = NO;
				DEBUG_INFORMATION_FORMAT = "dwarf-with-dsym";
				ENABLE_NS_ASSERTIONS = NO;
				ENABLE_STRICT_OBJC_MSGSEND = YES;
				GCC_C_LANGUAGE_STANDARD = gnu99;
				GCC_NO_COMMON_BLOCKS = YES;
				GCC_WARN_64_TO_32_BIT_CONVERSION = YES;
				GCC_WARN_ABOUT_RETURN_TYPE = YES_ERROR;
				GCC_WARN_UNDECLARED_SELECTOR = YES;
				GCC_WARN_UNINITIALIZED_AUTOS = YES_AGGRESSIVE;
				GCC_WARN_UNUSED_FUNCTION = YES;
				GCC_WARN_UNUSED_VARIABLE = YES;
				IPHONEOS_DEPLOYMENT_TARGET = 9.1;
				MTL_ENABLE_DEBUG_INFO = NO;
				SDKROOT = iphoneos;
				TARGETED_DEVICE_FAMILY = "1,2";
				VALIDATE_PRODUCT = YES;
			};
			name = Release;
		};
		159118CF1BF6957C00B01CAD /* Debug */ = {
			isa = XCBuildConfiguration;
			buildSettings = {
				ASSETCATALOG_COMPILER_APPICON_NAME = AppIcon;
				FRAMEWORK_SEARCH_PATHS = (
					"$(inherited)",
					"$(PROJECT_DIR)/Spiel",
				);
				INFOPLIST_FILE = Spiel/Info.plist;
				LD_RUNPATH_SEARCH_PATHS = "$(inherited) @executable_path/Frameworks";
				PRODUCT_BUNDLE_IDENTIFIER = com.spiel.Spiel;
				PRODUCT_NAME = "$(TARGET_NAME)";
			};
			name = Debug;
		};
		159118D01BF6957C00B01CAD /* Release */ = {
			isa = XCBuildConfiguration;
			buildSettings = {
				ASSETCATALOG_COMPILER_APPICON_NAME = AppIcon;
				FRAMEWORK_SEARCH_PATHS = (
					"$(inherited)",
					"$(PROJECT_DIR)/Spiel",
				);
				INFOPLIST_FILE = Spiel/Info.plist;
				LD_RUNPATH_SEARCH_PATHS = "$(inherited) @executable_path/Frameworks";
				PRODUCT_BUNDLE_IDENTIFIER = com.spiel.Spiel;
				PRODUCT_NAME = "$(TARGET_NAME)";
			};
			name = Release;
		};
		159118D21BF6957C00B01CAD /* Debug */ = {
			isa = XCBuildConfiguration;
			buildSettings = {
				BUNDLE_LOADER = "$(TEST_HOST)";
				INFOPLIST_FILE = SpielTests/Info.plist;
				LD_RUNPATH_SEARCH_PATHS = "$(inherited) @executable_path/Frameworks @loader_path/Frameworks";
				PRODUCT_BUNDLE_IDENTIFIER = com.spiel.SpielTests;
				PRODUCT_NAME = "$(TARGET_NAME)";
				TEST_HOST = "$(BUILT_PRODUCTS_DIR)/Spiel.app/Spiel";
			};
			name = Debug;
		};
		159118D31BF6957C00B01CAD /* Release */ = {
			isa = XCBuildConfiguration;
			buildSettings = {
				BUNDLE_LOADER = "$(TEST_HOST)";
				INFOPLIST_FILE = SpielTests/Info.plist;
				LD_RUNPATH_SEARCH_PATHS = "$(inherited) @executable_path/Frameworks @loader_path/Frameworks";
				PRODUCT_BUNDLE_IDENTIFIER = com.spiel.SpielTests;
				PRODUCT_NAME = "$(TARGET_NAME)";
				TEST_HOST = "$(BUILT_PRODUCTS_DIR)/Spiel.app/Spiel";
			};
			name = Release;
		};
		159118D51BF6957C00B01CAD /* Debug */ = {
			isa = XCBuildConfiguration;
			buildSettings = {
				INFOPLIST_FILE = SpielUITests/Info.plist;
				LD_RUNPATH_SEARCH_PATHS = "$(inherited) @executable_path/Frameworks @loader_path/Frameworks";
				PRODUCT_BUNDLE_IDENTIFIER = com.spiel.SpielUITests;
				PRODUCT_NAME = "$(TARGET_NAME)";
				TEST_TARGET_NAME = Spiel;
				USES_XCTRUNNER = YES;
			};
			name = Debug;
		};
		159118D61BF6957C00B01CAD /* Release */ = {
			isa = XCBuildConfiguration;
			buildSettings = {
				INFOPLIST_FILE = SpielUITests/Info.plist;
				LD_RUNPATH_SEARCH_PATHS = "$(inherited) @executable_path/Frameworks @loader_path/Frameworks";
				PRODUCT_BUNDLE_IDENTIFIER = com.spiel.SpielUITests;
				PRODUCT_NAME = "$(TARGET_NAME)";
				TEST_TARGET_NAME = Spiel;
				USES_XCTRUNNER = YES;
			};
			name = Release;
		};
/* End XCBuildConfiguration section */

/* Begin XCConfigurationList section */
		1591189E1BF6957B00B01CAD /* Build configuration list for PBXProject "Spiel" */ = {
			isa = XCConfigurationList;
			buildConfigurations = (
				159118CC1BF6957C00B01CAD /* Debug */,
				159118CD1BF6957C00B01CAD /* Release */,
			);
			defaultConfigurationIsVisible = 0;
			defaultConfigurationName = Release;
		};
		159118CE1BF6957C00B01CAD /* Build configuration list for PBXNativeTarget "Spiel" */ = {
			isa = XCConfigurationList;
			buildConfigurations = (
				159118CF1BF6957C00B01CAD /* Debug */,
				159118D01BF6957C00B01CAD /* Release */,
			);
			defaultConfigurationIsVisible = 0;
			defaultConfigurationName = Release;
		};
		159118D11BF6957C00B01CAD /* Build configuration list for PBXNativeTarget "SpielTests" */ = {
			isa = XCConfigurationList;
			buildConfigurations = (
				159118D21BF6957C00B01CAD /* Debug */,
				159118D31BF6957C00B01CAD /* Release */,
			);
			defaultConfigurationIsVisible = 0;
			defaultConfigurationName = Release;
		};
		159118D41BF6957C00B01CAD /* Build configuration list for PBXNativeTarget "SpielUITests" */ = {
			isa = XCConfigurationList;
			buildConfigurations = (
				159118D51BF6957C00B01CAD /* Debug */,
				159118D61BF6957C00B01CAD /* Release */,
			);
			defaultConfigurationIsVisible = 0;
			defaultConfigurationName = Release;
		};
/* End XCConfigurationList section */

/* Begin XCVersionGroup section */
		159118AD1BF6957B00B01CAD /* Spiel.xcdatamodeld */ = {
			isa = XCVersionGroup;
			children = (
				159118AE1BF6957B00B01CAD /* Spiel.xcdatamodel */,
			);
			currentVersion = 159118AE1BF6957B00B01CAD /* Spiel.xcdatamodel */;
			path = Spiel.xcdatamodeld;
			sourceTree = "<group>";
			versionGroupType = wrapper.xcdatamodel;
		};
/* End XCVersionGroup section */
	};
	rootObject = 1591189B1BF6957B00B01CAD /* Project object */;
}
